{
	"name": "@convector-sample/server-graphql",
	"version": "1.0.0",
	"lockfileVersion": 1,
	"requires": true,
	"dependencies": {
		"@types/passport-jwt": {
			"version": "3.0.2",
			"resolved": "https://registry.npmjs.org/@types/passport-jwt/-/passport-jwt-3.0.2.tgz",
			"integrity": "sha512-eUbpjmmLUbRKulDeR1y1G3t7uVfXRhTP3/TrtVS4F7s8AzvDPXr9DdHNWwQfx/KD2Mfos5UokqnpCjtp5Z/slg==",
			"dev": true,
			"requires": {
				"@types/express": "*",
				"@types/jsonwebtoken": "*",
				"@types/passport-strategy": "*"
			},
			"dependencies": {
				"@types/body-parser": {
					"version": "1.17.1",
					"resolved": "https://registry.npmjs.org/@types/body-parser/-/body-parser-1.17.1.tgz",
					"integrity": "sha512-RoX2EZjMiFMjZh9lmYrwgoP9RTpAjSHiJxdp4oidAQVO02T7HER3xj9UKue5534ULWeqVEkujhWcyvUce+d68w==",
					"dev": true,
					"requires": {
						"@types/connect": "*",
						"@types/node": "*"
					}
				},
				"@types/connect": {
					"version": "3.4.32",
					"resolved": "https://registry.npmjs.org/@types/connect/-/connect-3.4.32.tgz",
					"integrity": "sha512-4r8qa0quOvh7lGD0pre62CAb1oni1OO6ecJLGCezTmhQ8Fz50Arx9RUszryR8KlgK6avuSXvviL6yWyViQABOg==",
					"dev": true,
					"requires": {
						"@types/node": "*"
					}
				},
				"@types/express": {
					"version": "4.17.1",
					"resolved": "https://registry.npmjs.org/@types/express/-/express-4.17.1.tgz",
					"integrity": "sha512-VfH/XCP0QbQk5B5puLqTLEeFgR8lfCJHZJKkInZ9mkYd+u8byX0kztXEQxEk4wZXJs8HI+7km2ALXjn4YKcX9w==",
					"dev": true,
					"requires": {
						"@types/body-parser": "*",
						"@types/express-serve-static-core": "*",
						"@types/serve-static": "*"
					}
				},
				"@types/express-serve-static-core": {
					"version": "4.16.9",
					"resolved": "https://registry.npmjs.org/@types/express-serve-static-core/-/express-serve-static-core-4.16.9.tgz",
					"integrity": "sha512-GqpaVWR0DM8FnRUJYKlWgyARoBUAVfRIeVDZQKOttLFp5SmhhF9YFIYeTPwMd/AXfxlP7xVO2dj1fGu0Q+krKQ==",
					"dev": true,
					"requires": {
						"@types/node": "*",
						"@types/range-parser": "*"
					}
				},
				"@types/jsonwebtoken": {
					"version": "8.3.3",
					"resolved": "https://registry.npmjs.org/@types/jsonwebtoken/-/jsonwebtoken-8.3.3.tgz",
					"integrity": "sha512-mofwpvFbm2AUxD5mg4iQPc2o/+ubM200R/L86kR17SeC99jM3gEnB9hy16ln3kZkxM5LnGpDJclxeUNEHhehng==",
					"dev": true,
					"requires": {
						"@types/node": "*"
					}
				},
				"@types/mime": {
					"version": "2.0.1",
					"resolved": "https://registry.npmjs.org/@types/mime/-/mime-2.0.1.tgz",
					"integrity": "sha512-FwI9gX75FgVBJ7ywgnq/P7tw+/o1GUbtP0KzbtusLigAOgIgNISRK0ZPl4qertvXSIE8YbsVJueQ90cDt9YYyw==",
					"dev": true
				},
				"@types/node": {
					"version": "12.7.5",
					"resolved": "https://registry.npmjs.org/@types/node/-/node-12.7.5.tgz",
					"integrity": "sha512-9fq4jZVhPNW8r+UYKnxF1e2HkDWOWKM5bC2/7c9wPV835I0aOrVbS/Hw/pWPk2uKrNXQqg9Z959Kz+IYDd5p3w==",
					"dev": true
				},
				"@types/passport": {
					"version": "1.0.1",
					"resolved": "https://registry.npmjs.org/@types/passport/-/passport-1.0.1.tgz",
					"integrity": "sha512-oK87JjN8i8kmqb0RN0sCUB/ZjrWf3b8U45eAzZVy1ssYYgBrMOuALmvoqp7MglsilXAjxum+LS29VQqeQx6ddA==",
					"dev": true,
					"requires": {
						"@types/express": "*"
					}
				},
				"@types/passport-strategy": {
					"version": "0.2.35",
					"resolved": "https://registry.npmjs.org/@types/passport-strategy/-/passport-strategy-0.2.35.tgz",
					"integrity": "sha512-o5D19Jy2XPFoX2rKApykY15et3Apgax00RRLf0RUotPDUsYrQa7x4howLYr9El2mlUApHmCMv5CZ1IXqKFQ2+g==",
					"dev": true,
					"requires": {
						"@types/express": "*",
						"@types/passport": "*"
					}
				},
				"@types/range-parser": {
					"version": "1.2.3",
					"resolved": "https://registry.npmjs.org/@types/range-parser/-/range-parser-1.2.3.tgz",
					"integrity": "sha512-ewFXqrQHlFsgc09MK5jP5iR7vumV/BYayNC6PgJO2LPe8vrnNFyjQjSppfEngITi0qvfKtzFvgKymGheFM9UOA==",
					"dev": true
				},
				"@types/serve-static": {
					"version": "1.13.3",
					"resolved": "https://registry.npmjs.org/@types/serve-static/-/serve-static-1.13.3.tgz",
					"integrity": "sha512-oprSwp094zOglVrXdlo/4bAHtKTAxX6VT8FOZlBKrmyLbNvE1zxZyJ6yikMVtHIvwP45+ZQGJn+FdXGKTozq0g==",
					"dev": true,
					"requires": {
						"@types/express-serve-static-core": "*",
						"@types/mime": "*"
					}
				}
			}
		}
	}
}
