{
	"name": "frontend-react",
	"version": "0.1.0",
	"lockfileVersion": 1,
	"requires": true,
	"dependencies": {
		"@types/jest": {
			"version": "24.0.18",
			"resolved": "https://registry.npmjs.org/@types/jest/-/jest-24.0.18.tgz",
			"integrity": "sha512-jcDDXdjTcrQzdN06+TSVsPPqxvsZA/5QkYfIZlq1JMw7FdP5AZylbOc+6B/cuDurctRe+MziUMtQ3xQdrbjqyQ==",
			"requires": {
				"@types/jest-diff": "*"
			},
			"dependencies": {
				"@types/jest-diff": {
					"version": "20.0.1",
					"resolved": "https://registry.npmjs.org/@types/jest-diff/-/jest-diff-20.0.1.tgz",
					"integrity": "sha512-yALhelO3i0hqZwhjtcr6dYyaLoCHbAMshwtj6cGxTvHZAKXHsYGdff6E8EPw3xLKY0ELUTQ69Q1rQiJENnccMA=="
				}
			}
		},
		"@types/node": {
			"version": "12.7.8",
			"resolved": "https://registry.npmjs.org/@types/node/-/node-12.7.8.tgz",
			"integrity": "sha512-FMdVn84tJJdV+xe+53sYiZS4R5yn1mAIxfj+DVoNiQjTYz1+OYmjwEZr1ev9nU0axXwda0QDbYl06QHanRVH3A=="
		},
		"typescript": {
			"version": "3.6.3",
			"resolved": "https://registry.npmjs.org/typescript/-/typescript-3.6.3.tgz",
			"integrity": "sha512-N7bceJL1CtRQ2RiG0AQME13ksR7DiuQh/QehubYcghzv20tnh+MQnQIuJddTmsbqYj+dztchykemz0zFzlvdQw=="
		}
	}
}
